
Microsoft Visual Studio Solution File, Format Version 12.00
# Visual Studio Version 16
VisualStudioVersion = 16.0.31105.61
MinimumVisualStudioVersion = 10.0.40219.1
Project("{FAE04EC0-301F-11D3-BF4B-00C04F79EFBC}") = "final-ase-comp2-gauravkharel", "final-ase-comp2-gauravkharel\final-ase-comp2-gauravkharel.csproj", "{3D5A2361-A0AA-4BF4-825D-6820953B0E7B}"
EndProject
Project("{FAE04EC0-301F-11D3-BF4B-00C04F79EFBC}") = "UnitTest", "UnitTest\UnitTest.csproj", "{E8425A36-3942-476D-BA43-C6B9D375A304}"
EndProject
Global
	GlobalSection(SolutionConfigurationPlatforms) = preSolution
		Debug|Any CPU = Debug|Any CPU
		Release|Any CPU = Release|Any CPU
	EndGlobalSection
	GlobalSection(ProjectConfigurationPlatforms) = postSolution
		{3D5A2361-A0AA-4BF4-825D-6820953B0E7B}.Debug|Any CPU.ActiveCfg = Debug|Any CPU
		{3D5A2361-A0AA-4BF4-825D-6820953B0E7B}.Debug|Any CPU.Build.0 = Debug|Any CPU
		{3D5A2361-A0AA-4BF4-825D-6820953B0E7B}.Release|Any CPU.ActiveCfg = Release|Any CPU
		{3D5A2361-A0AA-4BF4-825D-6820953B0E7B}.Release|Any CPU.Build.0 = Release|Any CPU
	EndGlobalSection
	GlobalSection(SolutionProperties) = preSolution
		HideSolutionNode = FALSE
	EndGlobalSection
	GlobalSection(ExtensibilityGlobals) = postSolution
		SolutionGuid = {31BFA116-DA34-45F7-AB5B-4FD85767F521}
	EndGlobalSection
EndGlobal
